
Microsoft Visual Studio Solution File, Format Version 12.00
# Visual Studio Version 17
VisualStudioVersion = 17.5.002.0
MinimumVisualStudioVersion = 10.0.40219.1
Project("{9A19103F-16F7-4668-BE54-9A1E7A4F7556}") = "Simulator", "Simulator.csproj", "{4E65E410-4F7E-4ABF-8C03-BD2D0918BF7F}"
EndProject
Global
	GlobalSection(SolutionConfigurationPlatforms) = preSolution
		Debug|Any CPU = Debug|Any CPU
		Release|Any CPU = Release|Any CPU
	EndGlobalSection
	GlobalSection(ProjectConfigurationPlatforms) = postSolution
		{4E65E410-4F7E-4ABF-8C03-BD2D0918BF7F}.Debug|Any CPU.ActiveCfg = Debug|Any CPU
		{4E65E410-4F7E-4ABF-8C03-BD2D0918BF7F}.Debug|Any CPU.Build.0 = Debug|Any CPU
		{4E65E410-4F7E-4ABF-8C03-BD2D0918BF7F}.Release|Any CPU.ActiveCfg = Release|Any CPU
		{4E65E410-4F7E-4ABF-8C03-BD2D0918BF7F}.Release|Any CPU.Build.0 = Release|Any CPU
	EndGlobalSection
	GlobalSection(SolutionProperties) = preSolution
		HideSolutionNode = FALSE
	EndGlobalSection
	GlobalSection(ExtensibilityGlobals) = postSolution
		SolutionGuid = {BC22DD6B-DA45-462B-B690-833CC8E2F5B8}
	EndGlobalSection
EndGlobal
